
Microsoft Visual Studio Solution File, Format Version 12.00
# Visual Studio Version 17
VisualStudioVersion = 17.5.33516.290
MinimumVisualStudioVersion = 10.0.40219.1
Project("{9A19103F-16F7-4668-BE54-9A1E7A4F7556}") = "DynDNS_4_NetCup_DotNet", "DynDNS_4_NetCup_DotNet\DynDNS_4_NetCup_DotNet.csproj", "{89C41EED-926D-4001-A1AD-A3DB2B3EBF9E}"
EndProject
Project("{9A19103F-16F7-4668-BE54-9A1E7A4F7556}") = "ipme", "ipme\ipme.csproj", "{605F81FF-A898-4A72-9FB1-7DB9C738B9C1}"
EndProject
Global
	GlobalSection(SolutionConfigurationPlatforms) = preSolution
		Debug|Any CPU = Debug|Any CPU
		Release|Any CPU = Release|Any CPU
	EndGlobalSection
	GlobalSection(ProjectConfigurationPlatforms) = postSolution
		{89C41EED-926D-4001-A1AD-A3DB2B3EBF9E}.Debug|Any CPU.ActiveCfg = Debug|Any CPU
		{89C41EED-926D-4001-A1AD-A3DB2B3EBF9E}.Debug|Any CPU.Build.0 = Debug|Any CPU
		{89C41EED-926D-4001-A1AD-A3DB2B3EBF9E}.Release|Any CPU.ActiveCfg = Release|Any CPU
		{89C41EED-926D-4001-A1AD-A3DB2B3EBF9E}.Release|Any CPU.Build.0 = Release|Any CPU
		{605F81FF-A898-4A72-9FB1-7DB9C738B9C1}.Debug|Any CPU.ActiveCfg = Debug|Any CPU
		{605F81FF-A898-4A72-9FB1-7DB9C738B9C1}.Debug|Any CPU.Build.0 = Debug|Any CPU
		{605F81FF-A898-4A72-9FB1-7DB9C738B9C1}.Release|Any CPU.ActiveCfg = Release|Any CPU
		{605F81FF-A898-4A72-9FB1-7DB9C738B9C1}.Release|Any CPU.Build.0 = Release|Any CPU
	EndGlobalSection
	GlobalSection(SolutionProperties) = preSolution
		HideSolutionNode = FALSE
	EndGlobalSection
	GlobalSection(ExtensibilityGlobals) = postSolution
		SolutionGuid = {3FC914AB-AB77-4148-A52A-788AA3769FE7}
	EndGlobalSection
EndGlobal
